{
    "version": 3,
    "terraform_version": "0.11.13",
    "serial": 7,
    "lineage": "8ea18fdc-0a35-a3ec-4c6c-b6a6fbc3f4bb",
    "modules": [
        {
            "path": [
                "root"
            ],
            "outputs": {},
            "resources": {
                "azurerm_network_interface.TFNIC": {
                    "type": "azurerm_network_interface",
                    "depends_on": [
                        "azurerm_network_security_group.TFSG",
                        "azurerm_public_ip.TFpublicIp",
                        "azurerm_resource_group.TFRG",
                        "azurerm_subnet.TGsub"
                    ],
                    "primary": {
                        "id": "/subscriptions/366b75c9-17f4-4af3-94ad-78af08f204c0/resourceGroups/TerraformTestRG/providers/Microsoft.Network/networkInterfaces/TFnic",
                        "attributes": {
                            "applied_dns_servers.#": "0",
                            "dns_servers.#": "0",
                            "enable_accelerated_networking": "false",
                            "enable_ip_forwarding": "false",
                            "id": "/subscriptions/366b75c9-17f4-4af3-94ad-78af08f204c0/resourceGroups/TerraformTestRG/providers/Microsoft.Network/networkInterfaces/TFnic",
                            "internal_dns_name_label": "",
                            "internal_fqdn": "",
                            "ip_configuration.#": "1",
                            "ip_configuration.0.application_gateway_backend_address_pools_ids.#": "0",
                            "ip_configuration.0.application_security_group_ids.#": "0",
                            "ip_configuration.0.load_balancer_backend_address_pools_ids.#": "0",
                            "ip_configuration.0.load_balancer_inbound_nat_rules_ids.#": "0",
                            "ip_configuration.0.name": "TFconfiguration1",
                            "ip_configuration.0.primary": "true",
                            "ip_configuration.0.private_ip_address": "",
                            "ip_configuration.0.private_ip_address_allocation": "dynamic",
                            "ip_configuration.0.private_ip_address_version": "IPv4",
                            "ip_configuration.0.public_ip_address_id": "/subscriptions/366b75c9-17f4-4af3-94ad-78af08f204c0/resourceGroups/TerraformTestRG/providers/Microsoft.Network/publicIPAddresses/myPublicIP",
                            "ip_configuration.0.subnet_id": "/subscriptions/366b75c9-17f4-4af3-94ad-78af08f204c0/resourceGroups/TerraformTestRG/providers/Microsoft.Network/virtualNetworks/TF_VNET1/subnets/mySubnet",
                            "location": "eastasia",
                            "mac_address": "00-0D-3A-82-CC-48",
                            "name": "TFnic",
                            "network_security_group_id": "/subscriptions/366b75c9-17f4-4af3-94ad-78af08f204c0/resourceGroups/TerraformTestRG/providers/Microsoft.Network/networkSecurityGroups/WebSG",
                            "private_ip_address": "10.0.1.4",
                            "private_ip_addresses.#": "1",
                            "private_ip_addresses.0": "10.0.1.4",
                            "resource_group_name": "TerraformTestRG",
                            "tags.%": "0",
                            "virtual_machine_id": "/subscriptions/366b75c9-17f4-4af3-94ad-78af08f204c0/resourceGroups/TerraformTestRG/providers/Microsoft.Compute/virtualMachines/terraformVM"
                        },
                        "meta": {},
                        "tainted": false
                    },
                    "deposed": [],
                    "provider": "provider.azurerm"
                },
                "azurerm_network_security_group.TFSG": {
                    "type": "azurerm_network_security_group",
                    "depends_on": [
                        "azurerm_resource_group.TFRG"
                    ],
                    "primary": {
                        "id": "/subscriptions/366b75c9-17f4-4af3-94ad-78af08f204c0/resourceGroups/TerraformTestRG/providers/Microsoft.Network/networkSecurityGroups/WebSG",
                        "attributes": {
                            "id": "/subscriptions/366b75c9-17f4-4af3-94ad-78af08f204c0/resourceGroups/TerraformTestRG/providers/Microsoft.Network/networkSecurityGroups/WebSG",
                            "location": "eastasia",
                            "name": "WebSG",
                            "resource_group_name": "TerraformTestRG",
                            "security_rule.#": "1",
                            "security_rule.2043867792.access": "Allow",
                            "security_rule.2043867792.description": "",
                            "security_rule.2043867792.destination_address_prefix": "*",
                            "security_rule.2043867792.destination_address_prefixes.#": "0",
                            "security_rule.2043867792.destination_application_security_group_ids.#": "0",
                            "security_rule.2043867792.destination_port_range": "*",
                            "security_rule.2043867792.destination_port_ranges.#": "0",
                            "security_rule.2043867792.direction": "Inbound",
                            "security_rule.2043867792.name": "allow",
                            "security_rule.2043867792.priority": "1000",
                            "security_rule.2043867792.protocol": "Tcp",
                            "security_rule.2043867792.source_address_prefix": "*",
                            "security_rule.2043867792.source_address_prefixes.#": "0",
                            "security_rule.2043867792.source_application_security_group_ids.#": "0",
                            "security_rule.2043867792.source_port_range": "*",
                            "security_rule.2043867792.source_port_ranges.#": "0",
                            "tags.%": "0"
                        },
                        "meta": {},
                        "tainted": false
                    },
                    "deposed": [],
                    "provider": "provider.azurerm"
                },
                "azurerm_public_ip.TFpublicIp": {
                    "type": "azurerm_public_ip",
                    "depends_on": [
                        "azurerm_resource_group.TFRG"
                    ],
                    "primary": {
                        "id": "/subscriptions/366b75c9-17f4-4af3-94ad-78af08f204c0/resourceGroups/TerraformTestRG/providers/Microsoft.Network/publicIPAddresses/myPublicIP",
                        "attributes": {
                            "allocation_method": "Dynamic",
                            "id": "/subscriptions/366b75c9-17f4-4af3-94ad-78af08f204c0/resourceGroups/TerraformTestRG/providers/Microsoft.Network/publicIPAddresses/myPublicIP",
                            "idle_timeout_in_minutes": "4",
                            "ip_address": "13.75.46.166",
                            "ip_version": "IPv4",
                            "location": "eastasia",
                            "name": "myPublicIP",
                            "public_ip_address_allocation": "Dynamic",
                            "resource_group_name": "TerraformTestRG",
                            "sku": "Basic",
                            "tags.%": "0",
                            "zones.#": "0"
                        },
                        "meta": {},
                        "tainted": false
                    },
                    "deposed": [],
                    "provider": "provider.azurerm"
                },
                "azurerm_resource_group.TFRG": {
                    "type": "azurerm_resource_group",
                    "depends_on": [],
                    "primary": {
                        "id": "/subscriptions/366b75c9-17f4-4af3-94ad-78af08f204c0/resourceGroups/TerraformTestRG",
                        "attributes": {
                            "id": "/subscriptions/366b75c9-17f4-4af3-94ad-78af08f204c0/resourceGroups/TerraformTestRG",
                            "location": "eastasia",
                            "name": "TerraformTestRG",
                            "tags.%": "0"
                        },
                        "meta": {},
                        "tainted": false
                    },
                    "deposed": [],
                    "provider": "provider.azurerm"
                },
                "azurerm_storage_account.mystorageaccount": {
                    "type": "azurerm_storage_account",
                    "depends_on": [
                        "azurerm_resource_group.TFRG",
                        "random_id.randomId"
                    ],
                    "primary": {
                        "id": "/subscriptions/366b75c9-17f4-4af3-94ad-78af08f204c0/resourceGroups/TerraformTestRG/providers/Microsoft.Storage/storageAccounts/diagb3d79f1354dcf7fc",
                        "attributes": {
                            "access_tier": "",
                            "account_encryption_source": "Microsoft.Storage",
                            "account_kind": "Storage",
                            "account_replication_type": "LRS",
                            "account_tier": "Standard",
                            "account_type": "Standard_LRS",
                            "enable_blob_encryption": "true",
                            "enable_file_encryption": "true",
                            "enable_https_traffic_only": "false",
                            "id": "/subscriptions/366b75c9-17f4-4af3-94ad-78af08f204c0/resourceGroups/TerraformTestRG/providers/Microsoft.Storage/storageAccounts/diagb3d79f1354dcf7fc",
                            "identity.#": "0",
                            "is_hns_enabled": "false",
                            "location": "eastasia",
                            "name": "diagb3d79f1354dcf7fc",
                            "network_rules.#": "0",
                            "primary_access_key": "AH0ANOEmbcgBLDwcSsF7VFtaAKc/NVrmjmoUBNBg+CpWWu383OX6isNoyym+JY8ug1CbQK5iXAgMOZ6iLNuFzA==",
                            "primary_blob_connection_string": "DefaultEndpointsProtocol=https;BlobEndpoint=https://diagb3d79f1354dcf7fc.blob.core.windows.net/;AccountName=diagb3d79f1354dcf7fc;AccountKey=AH0ANOEmbcgBLDwcSsF7VFtaAKc/NVrmjmoUBNBg+CpWWu383OX6isNoyym+JY8ug1CbQK5iXAgMOZ6iLNuFzA==",
                            "primary_blob_endpoint": "https://diagb3d79f1354dcf7fc.blob.core.windows.net/",
                            "primary_blob_host": "diagb3d79f1354dcf7fc.blob.core.windows.net",
                            "primary_connection_string": "DefaultEndpointsProtocol=https;AccountName=diagb3d79f1354dcf7fc;AccountKey=AH0ANOEmbcgBLDwcSsF7VFtaAKc/NVrmjmoUBNBg+CpWWu383OX6isNoyym+JY8ug1CbQK5iXAgMOZ6iLNuFzA==;EndpointSuffix=core.windows.net",
                            "primary_dfs_endpoint": "",
                            "primary_dfs_host": "",
                            "primary_file_endpoint": "https://diagb3d79f1354dcf7fc.file.core.windows.net/",
                            "primary_file_host": "diagb3d79f1354dcf7fc.file.core.windows.net",
                            "primary_location": "eastasia",
                            "primary_queue_endpoint": "https://diagb3d79f1354dcf7fc.queue.core.windows.net/",
                            "primary_queue_host": "diagb3d79f1354dcf7fc.queue.core.windows.net",
                            "primary_table_endpoint": "https://diagb3d79f1354dcf7fc.table.core.windows.net/",
                            "primary_table_host": "diagb3d79f1354dcf7fc.table.core.windows.net",
                            "primary_web_endpoint": "",
                            "primary_web_host": "",
                            "resource_group_name": "TerraformTestRG",
                            "secondary_access_key": "LyAN002Ld3JcLj2k/Ygp7V7Vg1kjr0uDjjQDYcQGoL3dHRI5dndl3p1ipf/61n3BhQWnDASHkGqOaU4Lf/XxSg==",
                            "secondary_blob_connection_string": "",
                            "secondary_connection_string": "DefaultEndpointsProtocol=https;AccountName=diagb3d79f1354dcf7fc;AccountKey=LyAN002Ld3JcLj2k/Ygp7V7Vg1kjr0uDjjQDYcQGoL3dHRI5dndl3p1ipf/61n3BhQWnDASHkGqOaU4Lf/XxSg==;EndpointSuffix=core.windows.net",
                            "secondary_location": "",
                            "tags.%": "1",
                            "tags.environment": "Terraform Demo"
                        },
                        "meta": {
                            "schema_version": "2"
                        },
                        "tainted": false
                    },
                    "deposed": [],
                    "provider": "provider.azurerm"
                },
                "azurerm_subnet.TGsub": {
                    "type": "azurerm_subnet",
                    "depends_on": [
                        "azurerm_resource_group.TFRG",
                        "azurerm_virtual_network.TF_VNET"
                    ],
                    "primary": {
                        "id": "/subscriptions/366b75c9-17f4-4af3-94ad-78af08f204c0/resourceGroups/TerraformTestRG/providers/Microsoft.Network/virtualNetworks/TF_VNET1/subnets/mySubnet",
                        "attributes": {
                            "address_prefix": "10.0.1.0/24",
                            "delegation.#": "0",
                            "id": "/subscriptions/366b75c9-17f4-4af3-94ad-78af08f204c0/resourceGroups/TerraformTestRG/providers/Microsoft.Network/virtualNetworks/TF_VNET1/subnets/mySubnet",
                            "ip_configurations.#": "1",
                            "ip_configurations.1635036225": "/subscriptions/366b75c9-17f4-4af3-94ad-78af08f204c0/resourceGroups/TerraformTestRG/providers/Microsoft.Network/networkInterfaces/TFnic/ipConfigurations/TFconfiguration1",
                            "name": "mySubnet",
                            "network_security_group_id": "",
                            "resource_group_name": "TerraformTestRG",
                            "route_table_id": "",
                            "service_endpoints.#": "0",
                            "virtual_network_name": "TF_VNET1"
                        },
                        "meta": {},
                        "tainted": false
                    },
                    "deposed": [],
                    "provider": "provider.azurerm"
                },
                "azurerm_virtual_machine.TFVM": {
                    "type": "azurerm_virtual_machine",
                    "depends_on": [
                        "azurerm_network_interface.TFNIC",
                        "azurerm_resource_group.TFRG"
                    ],
                    "primary": {
                        "id": "/subscriptions/366b75c9-17f4-4af3-94ad-78af08f204c0/resourceGroups/TerraformTestRG/providers/Microsoft.Compute/virtualMachines/terraformVM",
                        "attributes": {
                            "delete_data_disks_on_termination": "false",
                            "delete_os_disk_on_termination": "false",
                            "id": "/subscriptions/366b75c9-17f4-4af3-94ad-78af08f204c0/resourceGroups/TerraformTestRG/providers/Microsoft.Compute/virtualMachines/terraformVM",
                            "identity.#": "0",
                            "location": "eastasia",
                            "name": "terraformVM",
                            "network_interface_ids.#": "1",
                            "network_interface_ids.0": "/subscriptions/366b75c9-17f4-4af3-94ad-78af08f204c0/resourceGroups/TerraformTestRG/providers/Microsoft.Network/networkInterfaces/TFnic",
                            "os_profile.#": "1",
                            "os_profile.1547631304.admin_password": "",
                            "os_profile.1547631304.admin_username": "vineela",
                            "os_profile.1547631304.computer_name": "TFgitVM",
                            "os_profile.1547631304.custom_data": "",
                            "os_profile_linux_config.#": "1",
                            "os_profile_linux_config.1322299844.disable_password_authentication": "false",
                            "os_profile_linux_config.1322299844.ssh_keys.#": "0",
                            "os_profile_secrets.#": "0",
                            "os_profile_windows_config.#": "0",
                            "plan.#": "0",
                            "resource_group_name": "TerraformTestRG",
                            "storage_data_disk.#": "0",
                            "storage_image_reference.#": "1",
                            "storage_image_reference.485433925.id": "/subscriptions/366b75c9-17f4-4af3-94ad-78af08f204c0/resourceGroups/TerraformTestRG/providers/Microsoft.Compute/images/myPackerImage-terra",
                            "storage_image_reference.485433925.offer": "",
                            "storage_image_reference.485433925.publisher": "",
                            "storage_image_reference.485433925.sku": "",
                            "storage_image_reference.485433925.version": "",
                            "storage_os_disk.#": "1",
                            "storage_os_disk.0.caching": "ReadWrite",
                            "storage_os_disk.0.create_option": "FromImage",
                            "storage_os_disk.0.disk_size_gb": "30",
                            "storage_os_disk.0.image_uri": "",
                            "storage_os_disk.0.managed_disk_id": "/subscriptions/366b75c9-17f4-4af3-94ad-78af08f204c0/resourceGroups/TerraformTestRG/providers/Microsoft.Compute/disks/TF_disk",
                            "storage_os_disk.0.managed_disk_type": "Premium_LRS",
                            "storage_os_disk.0.name": "TF_disk",
                            "storage_os_disk.0.os_type": "Linux",
                            "storage_os_disk.0.vhd_uri": "",
                            "storage_os_disk.0.write_accelerator_enabled": "false",
                            "tags.%": "0",
                            "vm_size": "Standard_B1s",
                            "zones.#": "0"
                        },
                        "meta": {},
                        "tainted": false
                    },
                    "deposed": [],
                    "provider": "provider.azurerm"
                },
                "azurerm_virtual_network.TF_VNET": {
                    "type": "azurerm_virtual_network",
                    "depends_on": [
                        "azurerm_resource_group.TFRG"
                    ],
                    "primary": {
                        "id": "/subscriptions/366b75c9-17f4-4af3-94ad-78af08f204c0/resourceGroups/TerraformTestRG/providers/Microsoft.Network/virtualNetworks/TF_VNET1",
                        "attributes": {
                            "address_space.#": "1",
                            "address_space.0": "10.0.0.0/16",
                            "ddos_protection_plan.#": "0",
                            "dns_servers.#": "0",
                            "id": "/subscriptions/366b75c9-17f4-4af3-94ad-78af08f204c0/resourceGroups/TerraformTestRG/providers/Microsoft.Network/virtualNetworks/TF_VNET1",
                            "location": "eastasia",
                            "name": "TF_VNET1",
                            "resource_group_name": "TerraformTestRG",
                            "subnet.#": "1",
                            "subnet.44418710.address_prefix": "10.0.1.0/24",
                            "subnet.44418710.id": "/subscriptions/366b75c9-17f4-4af3-94ad-78af08f204c0/resourceGroups/TerraformTestRG/providers/Microsoft.Network/virtualNetworks/TF_VNET1/subnets/mySubnet",
                            "subnet.44418710.name": "mySubnet",
                            "subnet.44418710.security_group": "",
                            "tags.%": "0"
                        },
                        "meta": {},
                        "tainted": false
                    },
                    "deposed": [],
                    "provider": "provider.azurerm"
                },
                "random_id.randomId": {
                    "type": "random_id",
                    "depends_on": [
                        "azurerm_resource_group.TFRG"
                    ],
                    "primary": {
                        "id": "s9efE1Tc9_w",
                        "attributes": {
                            "b64": "s9efE1Tc9_w",
                            "b64_std": "s9efE1Tc9/w=",
                            "b64_url": "s9efE1Tc9_w",
                            "byte_length": "8",
                            "dec": "12959001358158854140",
                            "hex": "b3d79f1354dcf7fc",
                            "id": "s9efE1Tc9_w",
                            "keepers.%": "1",
                            "keepers.resource_group": "TerraformTestRG"
                        },
                        "meta": {},
                        "tainted": false
                    },
                    "deposed": [],
                    "provider": "provider.random"
                }
            },
            "depends_on": []
        }
    ]
}
